
Microsoft Visual Studio Solution File, Format Version 12.00
# Visual Studio Version 17
VisualStudioVersion = 17.1.32421.90
MinimumVisualStudioVersion = 10.0.40219.1
Project("{FAE04EC0-301F-11D3-BF4B-00C04F79EFBC}") = "WebApiTask", "WebApiTask\WebApiTask.csproj", "{B03B5E3C-68AA-4BDE-9D21-852910502187}"
EndProject
Global
	GlobalSection(SolutionConfigurationPlatforms) = preSolution
		Debug|Any CPU = Debug|Any CPU
		Release|Any CPU = Release|Any CPU
	EndGlobalSection
	GlobalSection(ProjectConfigurationPlatforms) = postSolution
		{B03B5E3C-68AA-4BDE-9D21-852910502187}.Debug|Any CPU.ActiveCfg = Debug|Any CPU
		{B03B5E3C-68AA-4BDE-9D21-852910502187}.Debug|Any CPU.Build.0 = Debug|Any CPU
		{B03B5E3C-68AA-4BDE-9D21-852910502187}.Release|Any CPU.ActiveCfg = Release|Any CPU
		{B03B5E3C-68AA-4BDE-9D21-852910502187}.Release|Any CPU.Build.0 = Release|Any CPU
	EndGlobalSection
	GlobalSection(SolutionProperties) = preSolution
		HideSolutionNode = FALSE
	EndGlobalSection
	GlobalSection(ExtensibilityGlobals) = postSolution
		SolutionGuid = {AF4B31E9-1073-43F2-A636-4E1DFBCC5994}
	EndGlobalSection
EndGlobal
